
Microsoft Visual Studio Solution File, Format Version 12.00
# Visual Studio Version 17
VisualStudioVersion = 17.11.35327.3
MinimumVisualStudioVersion = 10.0.40219.1
Project("{FAE04EC0-301F-11D3-BF4B-00C04F79EFBC}") = "week 2 challenge lab 2", "week 2 challenge lab 2.csproj", "{B97FB387-766F-4162-BF5A-754AA16672A5}"
EndProject
Global
	GlobalSection(SolutionConfigurationPlatforms) = preSolution
		Debug|Any CPU = Debug|Any CPU
		Release|Any CPU = Release|Any CPU
	EndGlobalSection
	GlobalSection(ProjectConfigurationPlatforms) = postSolution
		{B97FB387-766F-4162-BF5A-754AA16672A5}.Debug|Any CPU.ActiveCfg = Debug|Any CPU
		{B97FB387-766F-4162-BF5A-754AA16672A5}.Debug|Any CPU.Build.0 = Debug|Any CPU
		{B97FB387-766F-4162-BF5A-754AA16672A5}.Release|Any CPU.ActiveCfg = Release|Any CPU
		{B97FB387-766F-4162-BF5A-754AA16672A5}.Release|Any CPU.Build.0 = Release|Any CPU
	EndGlobalSection
	GlobalSection(SolutionProperties) = preSolution
		HideSolutionNode = FALSE
	EndGlobalSection
	GlobalSection(ExtensibilityGlobals) = postSolution
		SolutionGuid = {075548A1-19D1-4D7B-94CE-02E3AB7BFB13}
	EndGlobalSection
EndGlobal
